{
  "name": "palm-experiments",
  "version": "1.0.0",
  "lockfileVersion": 2,
  "requires": true,
  "packages": {
    "": {
      "name": "palm-experiments",
      "version": "1.0.0",
      "license": "ISC",
      "dependencies": {
        "dotenv": "^16.3.1",
        "palm-api": "^1.1.1"
      }
    },
    "node_modules/dotenv": {
      "version": "16.3.1",
      "resolved": "https://registry.npmjs.org/dotenv/-/dotenv-16.3.1.tgz",
      "integrity": "sha512-IPzF4w4/Rd94bA9imS68tZBaYyBWSCE47V1RGuMrB94iyTOIEwRmVL2x/4An+6mETpLrKJ5hQkB8W4kFAadeIQ==",
      "engines": {
        "node": ">=12"
      },
      "funding": {
        "url": "https://github.com/motdotla/dotenv?sponsor=1"
      }
    },
    "node_modules/palm-api": {
      "version": "1.1.1",
      "resolved": "https://registry.npmjs.org/palm-api/-/palm-api-1.1.1.tgz",
      "integrity": "sha512-FlfxQcfbuksvPjdz6ODKxfuBczzEdsxiXpgpw0Kxiay7Qjyiu2MPDyLTEjep4AlH2UEezSz0zNhLGBupdZ+D8w=="
    }
  },
  "dependencies": {
    "dotenv": {
      "version": "16.3.1",
      "resolved": "https://registry.npmjs.org/dotenv/-/dotenv-16.3.1.tgz",
      "integrity": "sha512-IPzF4w4/Rd94bA9imS68tZBaYyBWSCE47V1RGuMrB94iyTOIEwRmVL2x/4An+6mETpLrKJ5hQkB8W4kFAadeIQ=="
    },
    "palm-api": {
      "version": "1.1.1",
      "resolved": "https://registry.npmjs.org/palm-api/-/palm-api-1.1.1.tgz",
      "integrity": "sha512-FlfxQcfbuksvPjdz6ODKxfuBczzEdsxiXpgpw0Kxiay7Qjyiu2MPDyLTEjep4AlH2UEezSz0zNhLGBupdZ+D8w=="
    }
  }
}
